// !$*UTF8*$!
{
	archiveVersion = 1;
	classes = {
	};
	objectVersion = 52;
	objects = {

/* Begin PBXBuildFile section */
		19AF3E07F43B9AFA5E559311 /* Pods_FlixsterTests.framework in Frameworks */ = {isa = PBXBuildFile; fileRef = 4D48B630060600E99FD0FBDC /* Pods_FlixsterTests.framework */; };
		BA8C6B5AC2098D3593165C41 /* Pods_Flixster_FlixsterUITests.framework in Frameworks */ = {isa = PBXBuildFile; fileRef = 8DCA40A91B5BF93719161D0E /* Pods_Flixster_FlixsterUITests.framework */; };
		E7321F7306C76206960604C8 /* Pods_Flixster.framework in Frameworks */ = {isa = PBXBuildFile; fileRef = 1AC6C1978AF2A4FE6C6CDABC /* Pods_Flixster.framework */; };
		EE36D4DC26FC09FA00E0AA88 /* AppDelegate.swift in Sources */ = {isa = PBXBuildFile; fileRef = EE36D4DB26FC09FA00E0AA88 /* AppDelegate.swift */; };
		EE36D4DE26FC09FA00E0AA88 /* SceneDelegate.swift in Sources */ = {isa = PBXBuildFile; fileRef = EE36D4DD26FC09FA00E0AA88 /* SceneDelegate.swift */; };
		EE36D4E326FC09FA00E0AA88 /* Main.storyboard in Resources */ = {isa = PBXBuildFile; fileRef = EE36D4E126FC09FA00E0AA88 /* Main.storyboard */; };
		EE36D4E626FC09FA00E0AA88 /* Flixster.xcdatamodeld in Sources */ = {isa = PBXBuildFile; fileRef = EE36D4E426FC09FA00E0AA88 /* Flixster.xcdatamodeld */; };
		EE36D4E826FC09FC00E0AA88 /* Assets.xcassets in Resources */ = {isa = PBXBuildFile; fileRef = EE36D4E726FC09FC00E0AA88 /* Assets.xcassets */; };
		EE36D4EB26FC09FC00E0AA88 /* LaunchScreen.storyboard in Resources */ = {isa = PBXBuildFile; fileRef = EE36D4E926FC09FC00E0AA88 /* LaunchScreen.storyboard */; };
		EE36D4F626FC09FC00E0AA88 /* FlixsterTests.swift in Sources */ = {isa = PBXBuildFile; fileRef = EE36D4F526FC09FC00E0AA88 /* FlixsterTests.swift */; };
		EE36D50126FC09FC00E0AA88 /* FlixsterUITests.swift in Sources */ = {isa = PBXBuildFile; fileRef = EE36D50026FC09FC00E0AA88 /* FlixsterUITests.swift */; };
		EEA708642706A82000666EAC /* MovieDetailsViewController.swift in Sources */ = {isa = PBXBuildFile; fileRef = EEA708632706A82000666EAC /* MovieDetailsViewController.swift */; };
		EEA708662706B77800666EAC /* MovieGridViewController.swift in Sources */ = {isa = PBXBuildFile; fileRef = EEA708652706B77800666EAC /* MovieGridViewController.swift */; };
		EEA708682706BC2600666EAC /* MovieGridCell.swift in Sources */ = {isa = PBXBuildFile; fileRef = EEA708672706BC2600666EAC /* MovieGridCell.swift */; };
		EEC4B53B26FD6EE400C6B440 /* MoviesViewController.swift in Sources */ = {isa = PBXBuildFile; fileRef = EEC4B53A26FD6EE400C6B440 /* MoviesViewController.swift */; };
		EEC4B53D26FD72D600C6B440 /* MovieCell.swift in Sources */ = {isa = PBXBuildFile; fileRef = EEC4B53C26FD72D600C6B440 /* MovieCell.swift */; };
		EEC4B54026FD787400C6B440 /* AlamofireImage in Frameworks */ = {isa = PBXBuildFile; productRef = EEC4B53F26FD787400C6B440 /* AlamofireImage */; };
/* End PBXBuildFile section */

/* Begin PBXContainerItemProxy section */
		EE36D4F226FC09FC00E0AA88 /* PBXContainerItemProxy */ = {
			isa = PBXContainerItemProxy;
			containerPortal = EE36D4D026FC09FA00E0AA88 /* Project object */;
			proxyType = 1;
			remoteGlobalIDString = EE36D4D726FC09FA00E0AA88;
			remoteInfo = Flixster;
		};
		EE36D4FD26FC09FC00E0AA88 /* PBXContainerItemProxy */ = {
			isa = PBXContainerItemProxy;
			containerPortal = EE36D4D026FC09FA00E0AA88 /* Project object */;
			proxyType = 1;
			remoteGlobalIDString = EE36D4D726FC09FA00E0AA88;
			remoteInfo = Flixster;
		};
/* End PBXContainerItemProxy section */

/* Begin PBXFileReference section */
		00740D8AFE056A1E09FC57D6 /* Pods-FlixsterTests.debug.xcconfig */ = {isa = PBXFileReference; includeInIndex = 1; lastKnownFileType = text.xcconfig; name = "Pods-FlixsterTests.debug.xcconfig"; path = "Target Support Files/Pods-FlixsterTests/Pods-FlixsterTests.debug.xcconfig"; sourceTree = "<group>"; };
		1AC6C1978AF2A4FE6C6CDABC /* Pods_Flixster.framework */ = {isa = PBXFileReference; explicitFileType = wrapper.framework; includeInIndex = 0; path = Pods_Flixster.framework; sourceTree = BUILT_PRODUCTS_DIR; };
		4D48B630060600E99FD0FBDC /* Pods_FlixsterTests.framework */ = {isa = PBXFileReference; explicitFileType = wrapper.framework; includeInIndex = 0; path = Pods_FlixsterTests.framework; sourceTree = BUILT_PRODUCTS_DIR; };
		84416722B0B37DF9031737E8 /* Pods-FlixsterTests.release.xcconfig */ = {isa = PBXFileReference; includeInIndex = 1; lastKnownFileType = text.xcconfig; name = "Pods-FlixsterTests.release.xcconfig"; path = "Target Support Files/Pods-FlixsterTests/Pods-FlixsterTests.release.xcconfig"; sourceTree = "<group>"; };
		8DCA40A91B5BF93719161D0E /* Pods_Flixster_FlixsterUITests.framework */ = {isa = PBXFileReference; explicitFileType = wrapper.framework; includeInIndex = 0; path = Pods_Flixster_FlixsterUITests.framework; sourceTree = BUILT_PRODUCTS_DIR; };
		AF0B409F9B20667CCD3306D2 /* Pods-Flixster.release.xcconfig */ = {isa = PBXFileReference; includeInIndex = 1; lastKnownFileType = text.xcconfig; name = "Pods-Flixster.release.xcconfig"; path = "Target Support Files/Pods-Flixster/Pods-Flixster.release.xcconfig"; sourceTree = "<group>"; };
		D76EA916A9B09D626293CC77 /* Pods-Flixster.debug.xcconfig */ = {isa = PBXFileReference; includeInIndex = 1; lastKnownFileType = text.xcconfig; name = "Pods-Flixster.debug.xcconfig"; path = "Target Support Files/Pods-Flixster/Pods-Flixster.debug.xcconfig"; sourceTree = "<group>"; };
		D957D9493FC3E62600C3B52A /* Pods-Flixster-FlixsterUITests.release.xcconfig */ = {isa = PBXFileReference; includeInIndex = 1; lastKnownFileType = text.xcconfig; name = "Pods-Flixster-FlixsterUITests.release.xcconfig"; path = "Target Support Files/Pods-Flixster-FlixsterUITests/Pods-Flixster-FlixsterUITests.release.xcconfig"; sourceTree = "<group>"; };
		DBD34C330C7A8681FAB644F8 /* Pods-Flixster-FlixsterUITests.debug.xcconfig */ = {isa = PBXFileReference; includeInIndex = 1; lastKnownFileType = text.xcconfig; name = "Pods-Flixster-FlixsterUITests.debug.xcconfig"; path = "Target Support Files/Pods-Flixster-FlixsterUITests/Pods-Flixster-FlixsterUITests.debug.xcconfig"; sourceTree = "<group>"; };
		EE36D4D826FC09FA00E0AA88 /* Flixster.app */ = {isa = PBXFileReference; explicitFileType = wrapper.application; includeInIndex = 0; path = Flixster.app; sourceTree = BUILT_PRODUCTS_DIR; };
		EE36D4DB26FC09FA00E0AA88 /* AppDelegate.swift */ = {isa = PBXFileReference; lastKnownFileType = sourcecode.swift; path = AppDelegate.swift; sourceTree = "<group>"; };
		EE36D4DD26FC09FA00E0AA88 /* SceneDelegate.swift */ = {isa = PBXFileReference; lastKnownFileType = sourcecode.swift; path = SceneDelegate.swift; sourceTree = "<group>"; };
		EE36D4E226FC09FA00E0AA88 /* Base */ = {isa = PBXFileReference; lastKnownFileType = file.storyboard; name = Base; path = Base.lproj/Main.storyboard; sourceTree = "<group>"; };
		EE36D4E526FC09FA00E0AA88 /* Flixster.xcdatamodel */ = {isa = PBXFileReference; lastKnownFileType = wrapper.xcdatamodel; path = Flixster.xcdatamodel; sourceTree = "<group>"; };
		EE36D4E726FC09FC00E0AA88 /* Assets.xcassets */ = {isa = PBXFileReference; lastKnownFileType = folder.assetcatalog; path = Assets.xcassets; sourceTree = "<group>"; };
		EE36D4EA26FC09FC00E0AA88 /* Base */ = {isa = PBXFileReference; lastKnownFileType = file.storyboard; name = Base; path = Base.lproj/LaunchScreen.storyboard; sourceTree = "<group>"; };
		EE36D4EC26FC09FC00E0AA88 /* Info.plist */ = {isa = PBXFileReference; lastKnownFileType = text.plist.xml; path = Info.plist; sourceTree = "<group>"; };
		EE36D4F126FC09FC00E0AA88 /* FlixsterTests.xctest */ = {isa = PBXFileReference; explicitFileType = wrapper.cfbundle; includeInIndex = 0; path = FlixsterTests.xctest; sourceTree = BUILT_PRODUCTS_DIR; };
		EE36D4F526FC09FC00E0AA88 /* FlixsterTests.swift */ = {isa = PBXFileReference; lastKnownFileType = sourcecode.swift; path = FlixsterTests.swift; sourceTree = "<group>"; };
		EE36D4F726FC09FC00E0AA88 /* Info.plist */ = {isa = PBXFileReference; lastKnownFileType = text.plist.xml; path = Info.plist; sourceTree = "<group>"; };
		EE36D4FC26FC09FC00E0AA88 /* FlixsterUITests.xctest */ = {isa = PBXFileReference; explicitFileType = wrapper.cfbundle; includeInIndex = 0; path = FlixsterUITests.xctest; sourceTree = BUILT_PRODUCTS_DIR; };
		EE36D50026FC09FC00E0AA88 /* FlixsterUITests.swift */ = {isa = PBXFileReference; lastKnownFileType = sourcecode.swift; path = FlixsterUITests.swift; sourceTree = "<group>"; };
		EE36D50226FC09FC00E0AA88 /* Info.plist */ = {isa = PBXFileReference; lastKnownFileType = text.plist.xml; path = Info.plist; sourceTree = "<group>"; };
		EEA708632706A82000666EAC /* MovieDetailsViewController.swift */ = {isa = PBXFileReference; lastKnownFileType = sourcecode.swift; path = MovieDetailsViewController.swift; sourceTree = "<group>"; };
		EEA708652706B77800666EAC /* MovieGridViewController.swift */ = {isa = PBXFileReference; lastKnownFileType = sourcecode.swift; path = MovieGridViewController.swift; sourceTree = "<group>"; };
		EEA708672706BC2600666EAC /* MovieGridCell.swift */ = {isa = PBXFileReference; lastKnownFileType = sourcecode.swift; path = MovieGridCell.swift; sourceTree = "<group>"; };
		EEC4B53A26FD6EE400C6B440 /* MoviesViewController.swift */ = {isa = PBXFileReference; lastKnownFileType = sourcecode.swift; path = MoviesViewController.swift; sourceTree = "<group>"; };
		EEC4B53C26FD72D600C6B440 /* MovieCell.swift */ = {isa = PBXFileReference; lastKnownFileType = sourcecode.swift; path = MovieCell.swift; sourceTree = "<group>"; };
/* End PBXFileReference section */

/* Begin PBXFrameworksBuildPhase section */
		EE36D4D526FC09FA00E0AA88 /* Frameworks */ = {
			isa = PBXFrameworksBuildPhase;
			buildActionMask = 2147483647;
			files = (
				EEC4B54026FD787400C6B440 /* AlamofireImage in Frameworks */,
				E7321F7306C76206960604C8 /* Pods_Flixster.framework in Frameworks */,
			);
			runOnlyForDeploymentPostprocessing = 0;
		};
		EE36D4EE26FC09FC00E0AA88 /* Frameworks */ = {
			isa = PBXFrameworksBuildPhase;
			buildActionMask = 2147483647;
			files = (
				19AF3E07F43B9AFA5E559311 /* Pods_FlixsterTests.framework in Frameworks */,
			);
			runOnlyForDeploymentPostprocessing = 0;
		};
		EE36D4F926FC09FC00E0AA88 /* Frameworks */ = {
			isa = PBXFrameworksBuildPhase;
			buildActionMask = 2147483647;
			files = (
				BA8C6B5AC2098D3593165C41 /* Pods_Flixster_FlixsterUITests.framework in Frameworks */,
			);
			runOnlyForDeploymentPostprocessing = 0;
		};
/* End PBXFrameworksBuildPhase section */

/* Begin PBXGroup section */
		82FB596B0C6755A42F6EDAD3 /* Pods */ = {
			isa = PBXGroup;
			children = (
				D76EA916A9B09D626293CC77 /* Pods-Flixster.debug.xcconfig */,
				AF0B409F9B20667CCD3306D2 /* Pods-Flixster.release.xcconfig */,
				DBD34C330C7A8681FAB644F8 /* Pods-Flixster-FlixsterUITests.debug.xcconfig */,
				D957D9493FC3E62600C3B52A /* Pods-Flixster-FlixsterUITests.release.xcconfig */,
				00740D8AFE056A1E09FC57D6 /* Pods-FlixsterTests.debug.xcconfig */,
				84416722B0B37DF9031737E8 /* Pods-FlixsterTests.release.xcconfig */,
			);
			path = Pods;
			sourceTree = "<group>";
		};
		919C48E74797DE7E0614B74B /* Frameworks */ = {
			isa = PBXGroup;
			children = (
				1AC6C1978AF2A4FE6C6CDABC /* Pods_Flixster.framework */,
				8DCA40A91B5BF93719161D0E /* Pods_Flixster_FlixsterUITests.framework */,
				4D48B630060600E99FD0FBDC /* Pods_FlixsterTests.framework */,
			);
			name = Frameworks;
			sourceTree = "<group>";
		};
		EE36D4CF26FC09FA00E0AA88 = {
			isa = PBXGroup;
			children = (
				EE36D4DA26FC09FA00E0AA88 /* Flixster */,
				EE36D4F426FC09FC00E0AA88 /* FlixsterTests */,
				EE36D4FF26FC09FC00E0AA88 /* FlixsterUITests */,
				EE36D4D926FC09FA00E0AA88 /* Products */,
				82FB596B0C6755A42F6EDAD3 /* Pods */,
				919C48E74797DE7E0614B74B /* Frameworks */,
			);
			sourceTree = "<group>";
		};
		EE36D4D926FC09FA00E0AA88 /* Products */ = {
			isa = PBXGroup;
			children = (
				EE36D4D826FC09FA00E0AA88 /* Flixster.app */,
				EE36D4F126FC09FC00E0AA88 /* FlixsterTests.xctest */,
				EE36D4FC26FC09FC00E0AA88 /* FlixsterUITests.xctest */,
			);
			name = Products;
			sourceTree = "<group>";
		};
		EE36D4DA26FC09FA00E0AA88 /* Flixster */ = {
			isa = PBXGroup;
			children = (
				EE36D4DB26FC09FA00E0AA88 /* AppDelegate.swift */,
				EE36D4DD26FC09FA00E0AA88 /* SceneDelegate.swift */,
				EEC4B53A26FD6EE400C6B440 /* MoviesViewController.swift */,
				EEA708652706B77800666EAC /* MovieGridViewController.swift */,
				EEA708632706A82000666EAC /* MovieDetailsViewController.swift */,
				EEC4B53C26FD72D600C6B440 /* MovieCell.swift */,
				EEA708672706BC2600666EAC /* MovieGridCell.swift */,
				EE36D4E126FC09FA00E0AA88 /* Main.storyboard */,
				EE36D4E726FC09FC00E0AA88 /* Assets.xcassets */,
				EE36D4E926FC09FC00E0AA88 /* LaunchScreen.storyboard */,
				EE36D4EC26FC09FC00E0AA88 /* Info.plist */,
				EE36D4E426FC09FA00E0AA88 /* Flixster.xcdatamodeld */,
			);
			path = Flixster;
			sourceTree = "<group>";
		};
		EE36D4F426FC09FC00E0AA88 /* FlixsterTests */ = {
			isa = PBXGroup;
			children = (
				EE36D4F526FC09FC00E0AA88 /* FlixsterTests.swift */,
				EE36D4F726FC09FC00E0AA88 /* Info.plist */,
			);
			path = FlixsterTests;
			sourceTree = "<group>";
		};
		EE36D4FF26FC09FC00E0AA88 /* FlixsterUITests */ = {
			isa = PBXGroup;
			children = (
				EE36D50026FC09FC00E0AA88 /* FlixsterUITests.swift */,
				EE36D50226FC09FC00E0AA88 /* Info.plist */,
			);
			path = FlixsterUITests;
			sourceTree = "<group>";
		};
/* End PBXGroup section */

/* Begin PBXNativeTarget section */
		EE36D4D726FC09FA00E0AA88 /* Flixster */ = {
			isa = PBXNativeTarget;
			buildConfigurationList = EE36D50526FC09FC00E0AA88 /* Build configuration list for PBXNativeTarget "Flixster" */;
			buildPhases = (
				6731C61F177FAED3907EF0AD /* [CP] Check Pods Manifest.lock */,
				EE36D4D426FC09FA00E0AA88 /* Sources */,
				EE36D4D526FC09FA00E0AA88 /* Frameworks */,
				EE36D4D626FC09FA00E0AA88 /* Resources */,
				82BF6337CB089BAAF5BCD119 /* [CP] Embed Pods Frameworks */,
			);
			buildRules = (
			);
			dependencies = (
			);
			name = Flixster;
			packageProductDependencies = (
				EEC4B53F26FD787400C6B440 /* AlamofireImage */,
			);
			productName = Flixster;
			productReference = EE36D4D826FC09FA00E0AA88 /* Flixster.app */;
			productType = "com.apple.product-type.application";
		};
		EE36D4F026FC09FC00E0AA88 /* FlixsterTests */ = {
			isa = PBXNativeTarget;
			buildConfigurationList = EE36D50826FC09FC00E0AA88 /* Build configuration list for PBXNativeTarget "FlixsterTests" */;
			buildPhases = (
				593A58B4A4A205CB8EA52C28 /* [CP] Check Pods Manifest.lock */,
				EE36D4ED26FC09FC00E0AA88 /* Sources */,
				EE36D4EE26FC09FC00E0AA88 /* Frameworks */,
				EE36D4EF26FC09FC00E0AA88 /* Resources */,
			);
			buildRules = (
			);
			dependencies = (
				EE36D4F326FC09FC00E0AA88 /* PBXTargetDependency */,
			);
			name = FlixsterTests;
			productName = FlixsterTests;
			productReference = EE36D4F126FC09FC00E0AA88 /* FlixsterTests.xctest */;
			productType = "com.apple.product-type.bundle.unit-test";
		};
		EE36D4FB26FC09FC00E0AA88 /* FlixsterUITests */ = {
			isa = PBXNativeTarget;
			buildConfigurationList = EE36D50B26FC09FC00E0AA88 /* Build configuration list for PBXNativeTarget "FlixsterUITests" */;
			buildPhases = (
				B11AE961CA13F9A3223D8CD0 /* [CP] Check Pods Manifest.lock */,
				EE36D4F826FC09FC00E0AA88 /* Sources */,
				EE36D4F926FC09FC00E0AA88 /* Frameworks */,
				EE36D4FA26FC09FC00E0AA88 /* Resources */,
				77961308CDBDAD42B3A8AB87 /* [CP] Embed Pods Frameworks */,
			);
			buildRules = (
			);
			dependencies = (
				EE36D4FE26FC09FC00E0AA88 /* PBXTargetDependency */,
			);
			name = FlixsterUITests;
			productName = FlixsterUITests;
			productReference = EE36D4FC26FC09FC00E0AA88 /* FlixsterUITests.xctest */;
			productType = "com.apple.product-type.bundle.ui-testing";
		};
/* End PBXNativeTarget section */

/* Begin PBXProject section */
		EE36D4D026FC09FA00E0AA88 /* Project object */ = {
			isa = PBXProject;
			attributes = {
				LastSwiftUpdateCheck = 1250;
				LastUpgradeCheck = 1250;
				TargetAttributes = {
					EE36D4D726FC09FA00E0AA88 = {
						CreatedOnToolsVersion = 12.5.1;
					};
					EE36D4F026FC09FC00E0AA88 = {
						CreatedOnToolsVersion = 12.5.1;
						TestTargetID = EE36D4D726FC09FA00E0AA88;
					};
					EE36D4FB26FC09FC00E0AA88 = {
						CreatedOnToolsVersion = 12.5.1;
						TestTargetID = EE36D4D726FC09FA00E0AA88;
					};
				};
			};
			buildConfigurationList = EE36D4D326FC09FA00E0AA88 /* Build configuration list for PBXProject "Flixster" */;
			compatibilityVersion = "Xcode 9.3";
			developmentRegion = en;
			hasScannedForEncodings = 0;
			knownRegions = (
				en,
				Base,
			);
			mainGroup = EE36D4CF26FC09FA00E0AA88;
			packageReferences = (
				EEC4B53E26FD787400C6B440 /* XCRemoteSwiftPackageReference "AlamofireImage" */,
			);
			productRefGroup = EE36D4D926FC09FA00E0AA88 /* Products */;
			projectDirPath = "";
			projectRoot = "";
			targets = (
				EE36D4D726FC09FA00E0AA88 /* Flixster */,
				EE36D4F026FC09FC00E0AA88 /* FlixsterTests */,
				EE36D4FB26FC09FC00E0AA88 /* FlixsterUITests */,
			);
		};
/* End PBXProject section */

/* Begin PBXResourcesBuildPhase section */
		EE36D4D626FC09FA00E0AA88 /* Resources */ = {
			isa = PBXResourcesBuildPhase;
			buildActionMask = 2147483647;
			files = (
				EE36D4EB26FC09FC00E0AA88 /* LaunchScreen.storyboard in Resources */,
				EE36D4E826FC09FC00E0AA88 /* Assets.xcassets in Resources */,
				EE36D4E326FC09FA00E0AA88 /* Main.storyboard in Resources */,
			);
			runOnlyForDeploymentPostprocessing = 0;
		};
		EE36D4EF26FC09FC00E0AA88 /* Resources */ = {
			isa = PBXResourcesBuildPhase;
			buildActionMask = 2147483647;
			files = (
			);
			runOnlyForDeploymentPostprocessing = 0;
		};
		EE36D4FA26FC09FC00E0AA88 /* Resources */ = {
			isa = PBXResourcesBuildPhase;
			buildActionMask = 2147483647;
			files = (
			);
			runOnlyForDeploymentPostprocessing = 0;
		};
/* End PBXResourcesBuildPhase section */

/* Begin PBXShellScriptBuildPhase section */
		593A58B4A4A205CB8EA52C28 /* [CP] Check Pods Manifest.lock */ = {
			isa = PBXShellScriptBuildPhase;
			buildActionMask = 2147483647;
			files = (
			);
			inputFileListPaths = (
			);
			inputPaths = (
				"${PODS_PODFILE_DIR_PATH}/Podfile.lock",
				"${PODS_ROOT}/Manifest.lock",
			);
			name = "[CP] Check Pods Manifest.lock";
			outputFileListPaths = (
			);
			outputPaths = (
				"$(DERIVED_FILE_DIR)/Pods-FlixsterTests-checkManifestLockResult.txt",
			);
			runOnlyForDeploymentPostprocessing = 0;
			shellPath = /bin/sh;
			shellScript = "diff \"${PODS_PODFILE_DIR_PATH}/Podfile.lock\" \"${PODS_ROOT}/Manifest.lock\" > /dev/null\nif [ $? != 0 ] ; then\n    # print error to STDERR\n    echo \"error: The sandbox is not in sync with the Podfile.lock. Run 'pod install' or update your CocoaPods installation.\" >&2\n    exit 1\nfi\n# This output is used by Xcode 'outputs' to avoid re-running this script phase.\necho \"SUCCESS\" > \"${SCRIPT_OUTPUT_FILE_0}\"\n";
			showEnvVarsInLog = 0;
		};
		6731C61F177FAED3907EF0AD /* [CP] Check Pods Manifest.lock */ = {
			isa = PBXShellScriptBuildPhase;
			buildActionMask = 2147483647;
			files = (
			);
			inputFileListPaths = (
			);
			inputPaths = (
				"${PODS_PODFILE_DIR_PATH}/Podfile.lock",
				"${PODS_ROOT}/Manifest.lock",
			);
			name = "[CP] Check Pods Manifest.lock";
			outputFileListPaths = (
			);
			outputPaths = (
				"$(DERIVED_FILE_DIR)/Pods-Flixster-checkManifestLockResult.txt",
			);
			runOnlyForDeploymentPostprocessing = 0;
			shellPath = /bin/sh;
			shellScript = "diff \"${PODS_PODFILE_DIR_PATH}/Podfile.lock\" \"${PODS_ROOT}/Manifest.lock\" > /dev/null\nif [ $? != 0 ] ; then\n    # print error to STDERR\n    echo \"error: The sandbox is not in sync with the Podfile.lock. Run 'pod install' or update your CocoaPods installation.\" >&2\n    exit 1\nfi\n# This output is used by Xcode 'outputs' to avoid re-running this script phase.\necho \"SUCCESS\" > \"${SCRIPT_OUTPUT_FILE_0}\"\n";
			showEnvVarsInLog = 0;
		};
		77961308CDBDAD42B3A8AB87 /* [CP] Embed Pods Frameworks */ = {
			isa = PBXShellScriptBuildPhase;
			buildActionMask = 2147483647;
			files = (
			);
			inputFileListPaths = (
				"${PODS_ROOT}/Target Support Files/Pods-Flixster-FlixsterUITests/Pods-Flixster-FlixsterUITests-frameworks-${CONFIGURATION}-input-files.xcfilelist",
			);
			name = "[CP] Embed Pods Frameworks";
			outputFileListPaths = (
				"${PODS_ROOT}/Target Support Files/Pods-Flixster-FlixsterUITests/Pods-Flixster-FlixsterUITests-frameworks-${CONFIGURATION}-output-files.xcfilelist",
			);
			runOnlyForDeploymentPostprocessing = 0;
			shellPath = /bin/sh;
			shellScript = "\"${PODS_ROOT}/Target Support Files/Pods-Flixster-FlixsterUITests/Pods-Flixster-FlixsterUITests-frameworks.sh\"\n";
			showEnvVarsInLog = 0;
		};
		82BF6337CB089BAAF5BCD119 /* [CP] Embed Pods Frameworks */ = {
			isa = PBXShellScriptBuildPhase;
			buildActionMask = 2147483647;
			files = (
			);
			inputFileListPaths = (
				"${PODS_ROOT}/Target Support Files/Pods-Flixster/Pods-Flixster-frameworks-${CONFIGURATION}-input-files.xcfilelist",
			);
			name = "[CP] Embed Pods Frameworks";
			outputFileListPaths = (
				"${PODS_ROOT}/Target Support Files/Pods-Flixster/Pods-Flixster-frameworks-${CONFIGURATION}-output-files.xcfilelist",
			);
			runOnlyForDeploymentPostprocessing = 0;
			shellPath = /bin/sh;
			shellScript = "\"${PODS_ROOT}/Target Support Files/Pods-Flixster/Pods-Flixster-frameworks.sh\"\n";
			showEnvVarsInLog = 0;
		};
		B11AE961CA13F9A3223D8CD0 /* [CP] Check Pods Manifest.lock */ = {
			isa = PBXShellScriptBuildPhase;
			buildActionMask = 2147483647;
			files = (
			);
			inputFileListPaths = (
			);
			inputPaths = (
				"${PODS_PODFILE_DIR_PATH}/Podfile.lock",
				"${PODS_ROOT}/Manifest.lock",
			);
			name = "[CP] Check Pods Manifest.lock";
			outputFileListPaths = (
			);
			outputPaths = (
				"$(DERIVED_FILE_DIR)/Pods-Flixster-FlixsterUITests-checkManifestLockResult.txt",
			);
			runOnlyForDeploymentPostprocessing = 0;
			shellPath = /bin/sh;
			shellScript = "diff \"${PODS_PODFILE_DIR_PATH}/Podfile.lock\" \"${PODS_ROOT}/Manifest.lock\" > /dev/null\nif [ $? != 0 ] ; then\n    # print error to STDERR\n    echo \"error: The sandbox is not in sync with the Podfile.lock. Run 'pod install' or update your CocoaPods installation.\" >&2\n    exit 1\nfi\n# This output is used by Xcode 'outputs' to avoid re-running this script phase.\necho \"SUCCESS\" > \"${SCRIPT_OUTPUT_FILE_0}\"\n";
			showEnvVarsInLog = 0;
		};
/* End PBXShellScriptBuildPhase section */

/* Begin PBXSourcesBuildPhase section */
		EE36D4D426FC09FA00E0AA88 /* Sources */ = {
			isa = PBXSourcesBuildPhase;
			buildActionMask = 2147483647;
			files = (
				EEC4B53B26FD6EE400C6B440 /* MoviesViewController.swift in Sources */,
				EE36D4DC26FC09FA00E0AA88 /* AppDelegate.swift in Sources */,
				EEA708642706A82000666EAC /* MovieDetailsViewController.swift in Sources */,
				EEA708662706B77800666EAC /* MovieGridViewController.swift in Sources */,
				EEA708682706BC2600666EAC /* MovieGridCell.swift in Sources */,
				EE36D4E626FC09FA00E0AA88 /* Flixster.xcdatamodeld in Sources */,
				EEC4B53D26FD72D600C6B440 /* MovieCell.swift in Sources */,
				EE36D4DE26FC09FA00E0AA88 /* SceneDelegate.swift in Sources */,
			);
			runOnlyForDeploymentPostprocessing = 0;
		};
		EE36D4ED26FC09FC00E0AA88 /* Sources */ = {
			isa = PBXSourcesBuildPhase;
			buildActionMask = 2147483647;
			files = (
				EE36D4F626FC09FC00E0AA88 /* FlixsterTests.swift in Sources */,
			);
			runOnlyForDeploymentPostprocessing = 0;
		};
		EE36D4F826FC09FC00E0AA88 /* Sources */ = {
			isa = PBXSourcesBuildPhase;
			buildActionMask = 2147483647;
			files = (
				EE36D50126FC09FC00E0AA88 /* FlixsterUITests.swift in Sources */,
			);
			runOnlyForDeploymentPostprocessing = 0;
		};
/* End PBXSourcesBuildPhase section */

/* Begin PBXTargetDependency section */
		EE36D4F326FC09FC00E0AA88 /* PBXTargetDependency */ = {
			isa = PBXTargetDependency;
			target = EE36D4D726FC09FA00E0AA88 /* Flixster */;
			targetProxy = EE36D4F226FC09FC00E0AA88 /* PBXContainerItemProxy */;
		};
		EE36D4FE26FC09FC00E0AA88 /* PBXTargetDependency */ = {
			isa = PBXTargetDependency;
			target = EE36D4D726FC09FA00E0AA88 /* Flixster */;
			targetProxy = EE36D4FD26FC09FC00E0AA88 /* PBXContainerItemProxy */;
		};
/* End PBXTargetDependency section */

/* Begin PBXVariantGroup section */
		EE36D4E126FC09FA00E0AA88 /* Main.storyboard */ = {
			isa = PBXVariantGroup;
			children = (
				EE36D4E226FC09FA00E0AA88 /* Base */,
			);
			name = Main.storyboard;
			sourceTree = "<group>";
		};
		EE36D4E926FC09FC00E0AA88 /* LaunchScreen.storyboard */ = {
			isa = PBXVariantGroup;
			children = (
				EE36D4EA26FC09FC00E0AA88 /* Base */,
			);
			name = LaunchScreen.storyboard;
			sourceTree = "<group>";
		};
/* End PBXVariantGroup section */

/* Begin XCBuildConfiguration section */
		EE36D50326FC09FC00E0AA88 /* Debug */ = {
			isa = XCBuildConfiguration;
			buildSettings = {
				ALWAYS_SEARCH_USER_PATHS = NO;
				CLANG_ANALYZER_NONNULL = YES;
				CLANG_ANALYZER_NUMBER_OBJECT_CONVERSION = YES_AGGRESSIVE;
				CLANG_CXX_LANGUAGE_STANDARD = "gnu++14";
				CLANG_CXX_LIBRARY = "libc++";
				CLANG_ENABLE_MODULES = YES;
				CLANG_ENABLE_OBJC_ARC = YES;
				CLANG_ENABLE_OBJC_WEAK = YES;
				CLANG_WARN_BLOCK_CAPTURE_AUTORELEASING = YES;
				CLANG_WARN_BOOL_CONVERSION = YES;
				CLANG_WARN_COMMA = YES;
				CLANG_WARN_CONSTANT_CONVERSION = YES;
				CLANG_WARN_DEPRECATED_OBJC_IMPLEMENTATIONS = YES;
				CLANG_WARN_DIRECT_OBJC_ISA_USAGE = YES_ERROR;
				CLANG_WARN_DOCUMENTATION_COMMENTS = YES;
				CLANG_WARN_EMPTY_BODY = YES;
				CLANG_WARN_ENUM_CONVERSION = YES;
				CLANG_WARN_INFINITE_RECURSION = YES;
				CLANG_WARN_INT_CONVERSION = YES;
				CLANG_WARN_NON_LITERAL_NULL_CONVERSION = YES;
				CLANG_WARN_OBJC_IMPLICIT_RETAIN_SELF = YES;
				CLANG_WARN_OBJC_LITERAL_CONVERSION = YES;
				CLANG_WARN_OBJC_ROOT_CLASS = YES_ERROR;
				CLANG_WARN_QUOTED_INCLUDE_IN_FRAMEWORK_HEADER = YES;
				CLANG_WARN_RANGE_LOOP_ANALYSIS = YES;
				CLANG_WARN_STRICT_PROTOTYPES = YES;
				CLANG_WARN_SUSPICIOUS_MOVE = YES;
				CLANG_WARN_UNGUARDED_AVAILABILITY = YES_AGGRESSIVE;
				CLANG_WARN_UNREACHABLE_CODE = YES;
				CLANG_WARN__DUPLICATE_METHOD_MATCH = YES;
				COPY_PHASE_STRIP = NO;
				DEBUG_INFORMATION_FORMAT = dwarf;
				ENABLE_STRICT_OBJC_MSGSEND = YES;
				ENABLE_TESTABILITY = YES;
				GCC_C_LANGUAGE_STANDARD = gnu11;
				GCC_DYNAMIC_NO_PIC = NO;
				GCC_NO_COMMON_BLOCKS = YES;
				GCC_OPTIMIZATION_LEVEL = 0;
				GCC_PREPROCESSOR_DEFINITIONS = (
					"DEBUG=1",
					"$(inherited)",
				);
				GCC_WARN_64_TO_32_BIT_CONVERSION = YES;
				GCC_WARN_ABOUT_RETURN_TYPE = YES_ERROR;
				GCC_WARN_UNDECLARED_SELECTOR = YES;
				GCC_WARN_UNINITIALIZED_AUTOS = YES_AGGRESSIVE;
				GCC_WARN_UNUSED_FUNCTION = YES;
				GCC_WARN_UNUSED_VARIABLE = YES;
				IPHONEOS_DEPLOYMENT_TARGET = 14.5;
				MTL_ENABLE_DEBUG_INFO = INCLUDE_SOURCE;
				MTL_FAST_MATH = YES;
				ONLY_ACTIVE_ARCH = YES;
				SDKROOT = iphoneos;
				SWIFT_ACTIVE_COMPILATION_CONDITIONS = DEBUG;
				SWIFT_OPTIMIZATION_LEVEL = "-Onone";
			};
			name = Debug;
		};
		EE36D50426FC09FC00E0AA88 /* Release */ = {
			isa = XCBuildConfiguration;
			buildSettings = {
				ALWAYS_SEARCH_USER_PATHS = NO;
				CLANG_ANALYZER_NONNULL = YES;
				CLANG_ANALYZER_NUMBER_OBJECT_CONVERSION = YES_AGGRESSIVE;
				CLANG_CXX_LANGUAGE_STANDARD = "gnu++14";
				CLANG_CXX_LIBRARY = "libc++";
				CLANG_ENABLE_MODULES = YES;
				CLANG_ENABLE_OBJC_ARC = YES;
				CLANG_ENABLE_OBJC_WEAK = YES;
				CLANG_WARN_BLOCK_CAPTURE_AUTORELEASING = YES;
				CLANG_WARN_BOOL_CONVERSION = YES;
				CLANG_WARN_COMMA = YES;
				CLANG_WARN_CONSTANT_CONVERSION = YES;
				CLANG_WARN_DEPRECATED_OBJC_IMPLEMENTATIONS = YES;
				CLANG_WARN_DIRECT_OBJC_ISA_USAGE = YES_ERROR;
				CLANG_WARN_DOCUMENTATION_COMMENTS = YES;
				CLANG_WARN_EMPTY_BODY = YES;
				CLANG_WARN_ENUM_CONVERSION = YES;
				CLANG_WARN_INFINITE_RECURSION = YES;
				CLANG_WARN_INT_CONVERSION = YES;
				CLANG_WARN_NON_LITERAL_NULL_CONVERSION = YES;
				CLANG_WARN_OBJC_IMPLICIT_RETAIN_SELF = YES;
				CLANG_WARN_OBJC_LITERAL_CONVERSION = YES;
				CLANG_WARN_OBJC_ROOT_CLASS = YES_ERROR;
				CLANG_WARN_QUOTED_INCLUDE_IN_FRAMEWORK_HEADER = YES;
				CLANG_WARN_RANGE_LOOP_ANALYSIS = YES;
				CLANG_WARN_STRICT_PROTOTYPES = YES;
				CLANG_WARN_SUSPICIOUS_MOVE = YES;
				CLANG_WARN_UNGUARDED_AVAILABILITY = YES_AGGRESSIVE;
				CLANG_WARN_UNREACHABLE_CODE = YES;
				CLANG_WARN__DUPLICATE_METHOD_MATCH = YES;
				COPY_PHASE_STRIP = NO;
				DEBUG_INFORMATION_FORMAT = "dwarf-with-dsym";
				ENABLE_NS_ASSERTIONS = NO;
				ENABLE_STRICT_OBJC_MSGSEND = YES;
				GCC_C_LANGUAGE_STANDARD = gnu11;
				GCC_NO_COMMON_BLOCKS = YES;
				GCC_WARN_64_TO_32_BIT_CONVERSION = YES;
				GCC_WARN_ABOUT_RETURN_TYPE = YES_ERROR;
				GCC_WARN_UNDECLARED_SELECTOR = YES;
				GCC_WARN_UNINITIALIZED_AUTOS = YES_AGGRESSIVE;
				GCC_WARN_UNUSED_FUNCTION = YES;
				GCC_WARN_UNUSED_VARIABLE = YES;
				IPHONEOS_DEPLOYMENT_TARGET = 14.5;
				MTL_ENABLE_DEBUG_INFO = NO;
				MTL_FAST_MATH = YES;
				SDKROOT = iphoneos;
				SWIFT_COMPILATION_MODE = wholemodule;
				SWIFT_OPTIMIZATION_LEVEL = "-O";
				VALIDATE_PRODUCT = YES;
			};
			name = Release;
		};
		EE36D50626FC09FC00E0AA88 /* Debug */ = {
			isa = XCBuildConfiguration;
			baseConfigurationReference = D76EA916A9B09D626293CC77 /* Pods-Flixster.debug.xcconfig */;
			buildSettings = {
				ASSETCATALOG_COMPILER_APPICON_NAME = AppIcon;
				ASSETCATALOG_COMPILER_GLOBAL_ACCENT_COLOR_NAME = AccentColor;
				CODE_SIGN_STYLE = Automatic;
				DEVELOPMENT_TEAM = 8HZSMXAYTT;
				INFOPLIST_FILE = Flixster/Info.plist;
				LD_RUNPATH_SEARCH_PATHS = (
					"$(inherited)",
					"@executable_path/Frameworks",
				);
				PRODUCT_BUNDLE_IDENTIFIER = com.mattswartz.Flixster;
				PRODUCT_NAME = "$(TARGET_NAME)";
				SWIFT_VERSION = 5.0;
				TARGETED_DEVICE_FAMILY = "1,2";
			};
			name = Debug;
		};
		EE36D50726FC09FC00E0AA88 /* Release */ = {
			isa = XCBuildConfiguration;
			baseConfigurationReference = AF0B409F9B20667CCD3306D2 /* Pods-Flixster.release.xcconfig */;
			buildSettings = {
				ASSETCATALOG_COMPILER_APPICON_NAME = AppIcon;
				ASSETCATALOG_COMPILER_GLOBAL_ACCENT_COLOR_NAME = AccentColor;
				CODE_SIGN_STYLE = Automatic;
				DEVELOPMENT_TEAM = 8HZSMXAYTT;
				INFOPLIST_FILE = Flixster/Info.plist;
				LD_RUNPATH_SEARCH_PATHS = (
					"$(inherited)",
					"@executable_path/Frameworks",
				);
				PRODUCT_BUNDLE_IDENTIFIER = com.mattswartz.Flixster;
				PRODUCT_NAME = "$(TARGET_NAME)";
				SWIFT_VERSION = 5.0;
				TARGETED_DEVICE_FAMILY = "1,2";
			};
			name = Release;
		};
		EE36D50926FC09FC00E0AA88 /* Debug */ = {
			isa = XCBuildConfiguration;
			baseConfigurationReference = 00740D8AFE056A1E09FC57D6 /* Pods-FlixsterTests.debug.xcconfig */;
			buildSettings = {
				ALWAYS_EMBED_SWIFT_STANDARD_LIBRARIES = YES;
				BUNDLE_LOADER = "$(TEST_HOST)";
				CODE_SIGN_STYLE = Automatic;
				DEVELOPMENT_TEAM = 8HZSMXAYTT;
				INFOPLIST_FILE = FlixsterTests/Info.plist;
				IPHONEOS_DEPLOYMENT_TARGET = 14.5;
				LD_RUNPATH_SEARCH_PATHS = (
					"$(inherited)",
					"@executable_path/Frameworks",
					"@loader_path/Frameworks",
				);
				PRODUCT_BUNDLE_IDENTIFIER = com.mattswartz.FlixsterTests;
				PRODUCT_NAME = "$(TARGET_NAME)";
				SWIFT_VERSION = 5.0;
				TARGETED_DEVICE_FAMILY = "1,2";
				TEST_HOST = "$(BUILT_PRODUCTS_DIR)/Flixster.app/Flixster";
			};
			name = Debug;
		};
		EE36D50A26FC09FC00E0AA88 /* Release */ = {
			isa = XCBuildConfiguration;
			baseConfigurationReference = 84416722B0B37DF9031737E8 /* Pods-FlixsterTests.release.xcconfig */;
			buildSettings = {
				ALWAYS_EMBED_SWIFT_STANDARD_LIBRARIES = YES;
				BUNDLE_LOADER = "$(TEST_HOST)";
				CODE_SIGN_STYLE = Automatic;
				DEVELOPMENT_TEAM = 8HZSMXAYTT;
				INFOPLIST_FILE = FlixsterTests/Info.plist;
				IPHONEOS_DEPLOYMENT_TARGET = 14.5;
				LD_RUNPATH_SEARCH_PATHS = (
					"$(inherited)",
					"@executable_path/Frameworks",
					"@loader_path/Frameworks",
				);
				PRODUCT_BUNDLE_IDENTIFIER = com.mattswartz.FlixsterTests;
				PRODUCT_NAME = "$(TARGET_NAME)";
				SWIFT_VERSION = 5.0;
				TARGETED_DEVICE_FAMILY = "1,2";
				TEST_HOST = "$(BUILT_PRODUCTS_DIR)/Flixster.app/Flixster";
			};
			name = Release;
		};
		EE36D50C26FC09FC00E0AA88 /* Debug */ = {
			isa = XCBuildConfiguration;
			baseConfigurationReference = DBD34C330C7A8681FAB644F8 /* Pods-Flixster-FlixsterUITests.debug.xcconfig */;
			buildSettings = {
				ALWAYS_EMBED_SWIFT_STANDARD_LIBRARIES = YES;
				CODE_SIGN_STYLE = Automatic;
				DEVELOPMENT_TEAM = 8HZSMXAYTT;
				INFOPLIST_FILE = FlixsterUITests/Info.plist;
				LD_RUNPATH_SEARCH_PATHS = (
					"$(inherited)",
					"@executable_path/Frameworks",
					"@loader_path/Frameworks",
				);
				PRODUCT_BUNDLE_IDENTIFIER = com.mattswartz.FlixsterUITests;
				PRODUCT_NAME = "$(TARGET_NAME)";
				SWIFT_VERSION = 5.0;
				TARGETED_DEVICE_FAMILY = "1,2";
				TEST_TARGET_NAME = Flixster;
			};
			name = Debug;
		};
		EE36D50D26FC09FC00E0AA88 /* Release */ = {
			isa = XCBuildConfiguration;
			baseConfigurationReference = D957D9493FC3E62600C3B52A /* Pods-Flixster-FlixsterUITests.release.xcconfig */;
			buildSettings = {
				ALWAYS_EMBED_SWIFT_STANDARD_LIBRARIES = YES;
				CODE_SIGN_STYLE = Automatic;
				DEVELOPMENT_TEAM = 8HZSMXAYTT;
				INFOPLIST_FILE = FlixsterUITests/Info.plist;
				LD_RUNPATH_SEARCH_PATHS = (
					"$(inherited)",
					"@executable_path/Frameworks",
					"@loader_path/Frameworks",
				);
				PRODUCT_BUNDLE_IDENTIFIER = com.mattswartz.FlixsterUITests;
				PRODUCT_NAME = "$(TARGET_NAME)";
				SWIFT_VERSION = 5.0;
				TARGETED_DEVICE_FAMILY = "1,2";
				TEST_TARGET_NAME = Flixster;
			};
			name = Release;
		};
/* End XCBuildConfiguration section */

/* Begin XCConfigurationList section */
		EE36D4D326FC09FA00E0AA88 /* Build configuration list for PBXProject "Flixster" */ = {
			isa = XCConfigurationList;
			buildConfigurations = (
				EE36D50326FC09FC00E0AA88 /* Debug */,
				EE36D50426FC09FC00E0AA88 /* Release */,
			);
			defaultConfigurationIsVisible = 0;
			defaultConfigurationName = Release;
		};
		EE36D50526FC09FC00E0AA88 /* Build configuration list for PBXNativeTarget "Flixster" */ = {
			isa = XCConfigurationList;
			buildConfigurations = (
				EE36D50626FC09FC00E0AA88 /* Debug */,
				EE36D50726FC09FC00E0AA88 /* Release */,
			);
			defaultConfigurationIsVisible = 0;
			defaultConfigurationName = Release;
		};
		EE36D50826FC09FC00E0AA88 /* Build configuration list for PBXNativeTarget "FlixsterTests" */ = {
			isa = XCConfigurationList;
			buildConfigurations = (
				EE36D50926FC09FC00E0AA88 /* Debug */,
				EE36D50A26FC09FC00E0AA88 /* Release */,
			);
			defaultConfigurationIsVisible = 0;
			defaultConfigurationName = Release;
		};
		EE36D50B26FC09FC00E0AA88 /* Build configuration list for PBXNativeTarget "FlixsterUITests" */ = {
			isa = XCConfigurationList;
			buildConfigurations = (
				EE36D50C26FC09FC00E0AA88 /* Debug */,
				EE36D50D26FC09FC00E0AA88 /* Release */,
			);
			defaultConfigurationIsVisible = 0;
			defaultConfigurationName = Release;
		};
/* End XCConfigurationList section */

/* Begin XCRemoteSwiftPackageReference section */
		EEC4B53E26FD787400C6B440 /* XCRemoteSwiftPackageReference "AlamofireImage" */ = {
			isa = XCRemoteSwiftPackageReference;
			repositoryURL = "https://github.com/Alamofire/AlamofireImage";
			requirement = {
				kind = upToNextMajorVersion;
				minimumVersion = 4.2.0;
			};
		};
/* End XCRemoteSwiftPackageReference section */

/* Begin XCSwiftPackageProductDependency section */
		EEC4B53F26FD787400C6B440 /* AlamofireImage */ = {
			isa = XCSwiftPackageProductDependency;
			package = EEC4B53E26FD787400C6B440 /* XCRemoteSwiftPackageReference "AlamofireImage" */;
			productName = AlamofireImage;
		};
/* End XCSwiftPackageProductDependency section */

/* Begin XCVersionGroup section */
		EE36D4E426FC09FA00E0AA88 /* Flixster.xcdatamodeld */ = {
			isa = XCVersionGroup;
			children = (
				EE36D4E526FC09FA00E0AA88 /* Flixster.xcdatamodel */,
			);
			currentVersion = EE36D4E526FC09FA00E0AA88 /* Flixster.xcdatamodel */;
			path = Flixster.xcdatamodeld;
			sourceTree = "<group>";
			versionGroupType = wrapper.xcdatamodel;
		};
/* End XCVersionGroup section */
	};
	rootObject = EE36D4D026FC09FA00E0AA88 /* Project object */;
}
